{
    "_readme": [
        "This file locks the dependencies of your project to a known state",
        "Read more about it at http://getcomposer.org/doc/01-basic-usage.md#composer-lock-the-lock-file"
    ],
    "hash": "61476360b13ed91569b3cda804eac9b4",
    "packages": [
        {
            "name": "paypal/adaptivepayments-sdk-php",
            "version": "v2.5.106",
            "source": {
                "type": "git",
                "url": "https://github.com/paypal/adaptivepayments-sdk-php.git",
                "reference": "c85df0312b3cf7fed442078af020da6f3ed7c384"
            },
            "dist": {
                "type": "zip",
                "url": "https://api.github.com/repos/paypal/adaptivepayments-sdk-php/zipball/c85df0312b3cf7fed442078af020da6f3ed7c384",
                "reference": "c85df0312b3cf7fed442078af020da6f3ed7c384",
                "shasum": ""
            },
            "require": {
                "ext-curl": "*",
                "paypal/sdk-core-php": "1.4.*",
                "php": ">=5.2.0"
            },
            "type": "library",
            "autoload": {
                "classmap": [
                    "lib"
                ]
            },
            "notification-url": "https://packagist.org/downloads/",
            "license": [
                "Apache2"
            ],
            "authors": [
                {
                    "name": "PayPal",
                    "homepage": "https://github.com/paypal/adaptivepayments-sdk-php/contributors"
                }
            ],
            "description": "PayPal adaptivepayments SDK for PHP",
            "homepage": "https://developer.paypal.com",
            "keywords": [
                "paypal",
                "php",
                "sdk"
            ],
            "time": "2013-08-22 17:32:17"
        },
        {
            "name": "paypal/sdk-core-php",
            "version": "v1.4.2",
            "source": {
                "type": "git",
                "url": "https://github.com/paypal/sdk-core-php.git",
                "reference": "2ee73c75be510af7c2c153ff2eaba086972c8bf7"
            },
            "dist": {
                "type": "zip",
                "url": "https://api.github.com/repos/paypal/sdk-core-php/zipball/2ee73c75be510af7c2c153ff2eaba086972c8bf7",
                "reference": "2ee73c75be510af7c2c153ff2eaba086972c8bf7",
                "shasum": ""
            },
            "require": {
                "ext-curl": "*",
                "php": ">=5.2.0"
            },
            "type": "library",
            "autoload": {
                "classmap": [
                    "lib"
                ]
            },
            "notification-url": "https://packagist.org/downloads/",
            "license": [
                "Apache2"
            ],
            "authors": [
                {
                    "name": "PayPal",
                    "homepage": "https://github.com/paypal/sdk-core-php/contributors"
                }
            ],
            "description": "PayPal Core SDK for PHP",
            "homepage": "https://github.com/paypal/sdk-core-php",
            "keywords": [
                "paypal",
                "php",
                "sdk"
            ],
            "time": "2013-09-11 14:22:45"
        }
    ],
    "packages-dev": [

    ],
    "aliases": [

    ],
    "minimum-stability": "stable",
    "stability-flags": [

    ],
    "platform": [

    ],
    "platform-dev": [

    ]
}
